
Microsoft Visual Studio Solution File, Format Version 12.00
# Visual Studio Version 16
VisualStudioVersion = 16.0.32002.261
MinimumVisualStudioVersion = 10.0.40219.1
Project("{9A19103F-16F7-4668-BE54-9A1E7A4F7556}") = "UI.Web", "UI.Web\UI.Web.csproj", "{9F98E820-D7D2-4AD6-B5CD-DD36F2CBB92F}"
EndProject
Project("{9A19103F-16F7-4668-BE54-9A1E7A4F7556}") = "Entities", "Entities\Entities.csproj", "{30E772E9-4A40-455E-99B8-9D02FF5FE388}"
EndProject
Project("{9A19103F-16F7-4668-BE54-9A1E7A4F7556}") = "Tests", "Tests\Tests.csproj", "{1DADA198-1A84-4500-83FC-067CB4C1D8C7}"
EndProject
Project("{9A19103F-16F7-4668-BE54-9A1E7A4F7556}") = "UI.Tests", "UI.Tests\UI.Tests.csproj", "{4A1C0543-0765-4F23-84A8-7FDAF0B03483}"
EndProject
Project("{2150E333-8FDC-42A3-9474-1A3956D46DE8}") = "Drivers", "Drivers", "{9443AB1D-B14E-4CD9-868E-0044FD79905C}"
	ProjectSection(SolutionItems) = preProject
		..\chromedriver_win32 (1)\chromedriver.exe = ..\chromedriver_win32 (1)\chromedriver.exe
	EndProjectSection
EndProject
Global
	GlobalSection(SolutionConfigurationPlatforms) = preSolution
		Debug|Any CPU = Debug|Any CPU
		Release|Any CPU = Release|Any CPU
	EndGlobalSection
	GlobalSection(ProjectConfigurationPlatforms) = postSolution
		{9F98E820-D7D2-4AD6-B5CD-DD36F2CBB92F}.Debug|Any CPU.ActiveCfg = Debug|Any CPU
		{9F98E820-D7D2-4AD6-B5CD-DD36F2CBB92F}.Debug|Any CPU.Build.0 = Debug|Any CPU
		{9F98E820-D7D2-4AD6-B5CD-DD36F2CBB92F}.Release|Any CPU.ActiveCfg = Release|Any CPU
		{9F98E820-D7D2-4AD6-B5CD-DD36F2CBB92F}.Release|Any CPU.Build.0 = Release|Any CPU
		{30E772E9-4A40-455E-99B8-9D02FF5FE388}.Debug|Any CPU.ActiveCfg = Debug|Any CPU
		{30E772E9-4A40-455E-99B8-9D02FF5FE388}.Debug|Any CPU.Build.0 = Debug|Any CPU
		{30E772E9-4A40-455E-99B8-9D02FF5FE388}.Release|Any CPU.ActiveCfg = Release|Any CPU
		{30E772E9-4A40-455E-99B8-9D02FF5FE388}.Release|Any CPU.Build.0 = Release|Any CPU
		{1DADA198-1A84-4500-83FC-067CB4C1D8C7}.Debug|Any CPU.ActiveCfg = Debug|Any CPU
		{1DADA198-1A84-4500-83FC-067CB4C1D8C7}.Debug|Any CPU.Build.0 = Debug|Any CPU
		{1DADA198-1A84-4500-83FC-067CB4C1D8C7}.Release|Any CPU.ActiveCfg = Release|Any CPU
		{1DADA198-1A84-4500-83FC-067CB4C1D8C7}.Release|Any CPU.Build.0 = Release|Any CPU
		{4A1C0543-0765-4F23-84A8-7FDAF0B03483}.Debug|Any CPU.ActiveCfg = Debug|Any CPU
		{4A1C0543-0765-4F23-84A8-7FDAF0B03483}.Debug|Any CPU.Build.0 = Debug|Any CPU
		{4A1C0543-0765-4F23-84A8-7FDAF0B03483}.Release|Any CPU.ActiveCfg = Release|Any CPU
		{4A1C0543-0765-4F23-84A8-7FDAF0B03483}.Release|Any CPU.Build.0 = Release|Any CPU
	EndGlobalSection
	GlobalSection(SolutionProperties) = preSolution
		HideSolutionNode = FALSE
	EndGlobalSection
	GlobalSection(ExtensibilityGlobals) = postSolution
		SolutionGuid = {98868923-B492-4031-9836-06FEF2EEAE61}
	EndGlobalSection
EndGlobal
